
Microsoft Visual Studio Solution File, Format Version 12.00
# Visual Studio Version 16
VisualStudioVersion = 16.0.32228.343
MinimumVisualStudioVersion = 10.0.40219.1
Project("{FAE04EC0-301F-11D3-BF4B-00C04F79EFBC}") = "OgrenciBilgiSistemi", "OgrenciBilgiSistemi.csproj", "{6C5199FA-6B0D-453E-A69C-7BD4F04C9B8A}"
EndProject
Global
	GlobalSection(SolutionConfigurationPlatforms) = preSolution
		Debug|Any CPU = Debug|Any CPU
		Release|Any CPU = Release|Any CPU
	EndGlobalSection
	GlobalSection(ProjectConfigurationPlatforms) = postSolution
		{6C5199FA-6B0D-453E-A69C-7BD4F04C9B8A}.Debug|Any CPU.ActiveCfg = Debug|Any CPU
		{6C5199FA-6B0D-453E-A69C-7BD4F04C9B8A}.Debug|Any CPU.Build.0 = Debug|Any CPU
		{6C5199FA-6B0D-453E-A69C-7BD4F04C9B8A}.Release|Any CPU.ActiveCfg = Release|Any CPU
		{6C5199FA-6B0D-453E-A69C-7BD4F04C9B8A}.Release|Any CPU.Build.0 = Release|Any CPU
	EndGlobalSection
	GlobalSection(SolutionProperties) = preSolution
		HideSolutionNode = FALSE
	EndGlobalSection
	GlobalSection(ExtensibilityGlobals) = postSolution
		SolutionGuid = {AA3B51CE-4ADC-424C-A25F-8FFEB86E313B}
	EndGlobalSection
EndGlobal
